
Microsoft Visual Studio Solution File, Format Version 12.00
# Visual Studio Version 17
VisualStudioVersion = 17.12.35707.178
MinimumVisualStudioVersion = 10.0.40219.1
Project("{FAE04EC0-301F-11D3-BF4B-00C04F79EFBC}") = "ShoppingCart.WebApi", "ShoppingCart.WebApi.csproj", "{A6677B71-819F-4C56-B6F5-FF7C66AD91A2}"
EndProject
Project("{FAE04EC0-301F-11D3-BF4B-00C04F79EFBC}") = "ShoppingCart.Domain", "..\ShoppingCart.Domain\ShoppingCart.Domain.csproj", "{B598933B-D654-4757-BB76-BBF46A40F156}"
EndProject
Project("{FAE04EC0-301F-11D3-BF4B-00C04F79EFBC}") = "ShoppingCart.Application", "..\ShoppingCart.Application\ShoppingCart.Application.csproj", "{9103A3A8-4389-47FC-BE45-623B4512E5CE}"
EndProject
Project("{FAE04EC0-301F-11D3-BF4B-00C04F79EFBC}") = "ShoppingCart.Infrastructure", "..\ShoppingCart.Infrastructure\ShoppingCart.Infrastructure.csproj", "{2B17B4CA-4E4F-4925-8C38-507ABBDC772A}"
EndProject
Project("{FAE04EC0-301F-11D3-BF4B-00C04F79EFBC}") = "ShoppingCart.IntegrationTests", "..\ShoppingCartBlazor.IntegrationTests\ShoppingCart.IntegrationTests.csproj", "{11594B1E-6243-403D-AD94-C476E78452D7}"
EndProject
Project("{FAE04EC0-301F-11D3-BF4B-00C04F79EFBC}") = "ShoppingCart.UnitTests", "..\ShoppingCart.UnitTests\ShoppingCart.UnitTests.csproj", "{C426865F-2ADC-4417-9733-0432A32B4A7F}"
EndProject
Project("{FAE04EC0-301F-11D3-BF4B-00C04F79EFBC}") = "ShoppingCart.Presentation", "..\ShoppingCart.Presentation\ShoppingCart.Presentation.csproj", "{F7BF1C0A-8BD3-4AA5-BC79-2BE643AC290E}"
EndProject
Global
	GlobalSection(SolutionConfigurationPlatforms) = preSolution
		Debug|Any CPU = Debug|Any CPU
		Release|Any CPU = Release|Any CPU
	EndGlobalSection
	GlobalSection(ProjectConfigurationPlatforms) = postSolution
		{A6677B71-819F-4C56-B6F5-FF7C66AD91A2}.Debug|Any CPU.ActiveCfg = Debug|Any CPU
		{A6677B71-819F-4C56-B6F5-FF7C66AD91A2}.Debug|Any CPU.Build.0 = Debug|Any CPU
		{A6677B71-819F-4C56-B6F5-FF7C66AD91A2}.Release|Any CPU.ActiveCfg = Release|Any CPU
		{A6677B71-819F-4C56-B6F5-FF7C66AD91A2}.Release|Any CPU.Build.0 = Release|Any CPU
		{B598933B-D654-4757-BB76-BBF46A40F156}.Debug|Any CPU.ActiveCfg = Debug|Any CPU
		{B598933B-D654-4757-BB76-BBF46A40F156}.Debug|Any CPU.Build.0 = Debug|Any CPU
		{B598933B-D654-4757-BB76-BBF46A40F156}.Release|Any CPU.ActiveCfg = Release|Any CPU
		{B598933B-D654-4757-BB76-BBF46A40F156}.Release|Any CPU.Build.0 = Release|Any CPU
		{9103A3A8-4389-47FC-BE45-623B4512E5CE}.Debug|Any CPU.ActiveCfg = Debug|Any CPU
		{9103A3A8-4389-47FC-BE45-623B4512E5CE}.Debug|Any CPU.Build.0 = Debug|Any CPU
		{9103A3A8-4389-47FC-BE45-623B4512E5CE}.Release|Any CPU.ActiveCfg = Release|Any CPU
		{9103A3A8-4389-47FC-BE45-623B4512E5CE}.Release|Any CPU.Build.0 = Release|Any CPU
		{2B17B4CA-4E4F-4925-8C38-507ABBDC772A}.Debug|Any CPU.ActiveCfg = Debug|Any CPU
		{2B17B4CA-4E4F-4925-8C38-507ABBDC772A}.Debug|Any CPU.Build.0 = Debug|Any CPU
		{2B17B4CA-4E4F-4925-8C38-507ABBDC772A}.Release|Any CPU.ActiveCfg = Release|Any CPU
		{2B17B4CA-4E4F-4925-8C38-507ABBDC772A}.Release|Any CPU.Build.0 = Release|Any CPU
		{11594B1E-6243-403D-AD94-C476E78452D7}.Debug|Any CPU.ActiveCfg = Debug|Any CPU
		{11594B1E-6243-403D-AD94-C476E78452D7}.Debug|Any CPU.Build.0 = Debug|Any CPU
		{11594B1E-6243-403D-AD94-C476E78452D7}.Release|Any CPU.ActiveCfg = Release|Any CPU
		{11594B1E-6243-403D-AD94-C476E78452D7}.Release|Any CPU.Build.0 = Release|Any CPU
		{C426865F-2ADC-4417-9733-0432A32B4A7F}.Debug|Any CPU.ActiveCfg = Debug|Any CPU
		{C426865F-2ADC-4417-9733-0432A32B4A7F}.Debug|Any CPU.Build.0 = Debug|Any CPU
		{C426865F-2ADC-4417-9733-0432A32B4A7F}.Release|Any CPU.ActiveCfg = Release|Any CPU
		{C426865F-2ADC-4417-9733-0432A32B4A7F}.Release|Any CPU.Build.0 = Release|Any CPU
		{F7BF1C0A-8BD3-4AA5-BC79-2BE643AC290E}.Debug|Any CPU.ActiveCfg = Debug|Any CPU
		{F7BF1C0A-8BD3-4AA5-BC79-2BE643AC290E}.Debug|Any CPU.Build.0 = Debug|Any CPU
		{F7BF1C0A-8BD3-4AA5-BC79-2BE643AC290E}.Release|Any CPU.ActiveCfg = Release|Any CPU
		{F7BF1C0A-8BD3-4AA5-BC79-2BE643AC290E}.Release|Any CPU.Build.0 = Release|Any CPU
	EndGlobalSection
	GlobalSection(SolutionProperties) = preSolution
		HideSolutionNode = FALSE
	EndGlobalSection
EndGlobal
